// !$*UTF8*$!
{
	archiveVersion = 1;
	classes = {
	};
	objectVersion = 50;
	objects = {

/* Begin PBXBuildFile section */
		413E76DD244B22330024BCB4 /* AppDelegate.swift in Sources */ = {isa = PBXBuildFile; fileRef = 413E76DC244B22330024BCB4 /* AppDelegate.swift */; };
		413E76DF244B22330024BCB4 /* SceneDelegate.swift in Sources */ = {isa = PBXBuildFile; fileRef = 413E76DE244B22330024BCB4 /* SceneDelegate.swift */; };
		413E76E1244B22330024BCB4 /* ViewController.swift in Sources */ = {isa = PBXBuildFile; fileRef = 413E76E0244B22330024BCB4 /* ViewController.swift */; };
		413E76E4244B22330024BCB4 /* Main.storyboard in Resources */ = {isa = PBXBuildFile; fileRef = 413E76E2244B22330024BCB4 /* Main.storyboard */; };
		413E76E7244B22330024BCB4 /* Newspaper_Rack.xcdatamodeld in Sources */ = {isa = PBXBuildFile; fileRef = 413E76E5244B22330024BCB4 /* Newspaper_Rack.xcdatamodeld */; };
		413E76E9244B22350024BCB4 /* Assets.xcassets in Resources */ = {isa = PBXBuildFile; fileRef = 413E76E8244B22350024BCB4 /* Assets.xcassets */; };
		413E76EC244B22350024BCB4 /* LaunchScreen.storyboard in Resources */ = {isa = PBXBuildFile; fileRef = 413E76EA244B22350024BCB4 /* LaunchScreen.storyboard */; };
/* End PBXBuildFile section */

/* Begin PBXFileReference section */
		413E76D9244B22330024BCB4 /* Newspaper-Rack.app */ = {isa = PBXFileReference; explicitFileType = wrapper.application; includeInIndex = 0; path = "Newspaper-Rack.app"; sourceTree = BUILT_PRODUCTS_DIR; };
		413E76DC244B22330024BCB4 /* AppDelegate.swift */ = {isa = PBXFileReference; lastKnownFileType = sourcecode.swift; path = AppDelegate.swift; sourceTree = "<group>"; };
		413E76DE244B22330024BCB4 /* SceneDelegate.swift */ = {isa = PBXFileReference; lastKnownFileType = sourcecode.swift; path = SceneDelegate.swift; sourceTree = "<group>"; };
		413E76E0244B22330024BCB4 /* ViewController.swift */ = {isa = PBXFileReference; lastKnownFileType = sourcecode.swift; path = ViewController.swift; sourceTree = "<group>"; };
		413E76E3244B22330024BCB4 /* Base */ = {isa = PBXFileReference; lastKnownFileType = file.storyboard; name = Base; path = Base.lproj/Main.storyboard; sourceTree = "<group>"; };
		413E76E6244B22330024BCB4 /* Newspaper_Rack.xcdatamodel */ = {isa = PBXFileReference; lastKnownFileType = wrapper.xcdatamodel; path = Newspaper_Rack.xcdatamodel; sourceTree = "<group>"; };
		413E76E8244B22350024BCB4 /* Assets.xcassets */ = {isa = PBXFileReference; lastKnownFileType = folder.assetcatalog; path = Assets.xcassets; sourceTree = "<group>"; };
		413E76EB244B22350024BCB4 /* Base */ = {isa = PBXFileReference; lastKnownFileType = file.storyboard; name = Base; path = Base.lproj/LaunchScreen.storyboard; sourceTree = "<group>"; };
		413E76ED244B22350024BCB4 /* Info.plist */ = {isa = PBXFileReference; lastKnownFileType = text.plist.xml; path = Info.plist; sourceTree = "<group>"; };
/* End PBXFileReference section */

/* Begin PBXFrameworksBuildPhase section */
		413E76D6244B22330024BCB4 /* Frameworks */ = {
			isa = PBXFrameworksBuildPhase;
			buildActionMask = 2147483647;
			files = (
			);
			runOnlyForDeploymentPostprocessing = 0;
		};
/* End PBXFrameworksBuildPhase section */

/* Begin PBXGroup section */
		413E76D0244B22330024BCB4 = {
			isa = PBXGroup;
			children = (
				413E76DB244B22330024BCB4 /* Newspaper-Rack */,
				413E76DA244B22330024BCB4 /* Products */,
			);
			sourceTree = "<group>";
		};
		413E76DA244B22330024BCB4 /* Products */ = {
			isa = PBXGroup;
			children = (
				413E76D9244B22330024BCB4 /* Newspaper-Rack.app */,
			);
			name = Products;
			sourceTree = "<group>";
		};
		413E76DB244B22330024BCB4 /* Newspaper-Rack */ = {
			isa = PBXGroup;
			children = (
				413E76DC244B22330024BCB4 /* AppDelegate.swift */,
				413E76DE244B22330024BCB4 /* SceneDelegate.swift */,
				413E76E0244B22330024BCB4 /* ViewController.swift */,
				413E76E2244B22330024BCB4 /* Main.storyboard */,
				413E76E8244B22350024BCB4 /* Assets.xcassets */,
				413E76EA244B22350024BCB4 /* LaunchScreen.storyboard */,
				413E76ED244B22350024BCB4 /* Info.plist */,
				413E76E5244B22330024BCB4 /* Newspaper_Rack.xcdatamodeld */,
			);
			path = "Newspaper-Rack";
			sourceTree = "<group>";
		};
/* End PBXGroup section */

/* Begin PBXNativeTarget section */
		413E76D8244B22330024BCB4 /* Newspaper-Rack */ = {
			isa = PBXNativeTarget;
			buildConfigurationList = 413E76F0244B22350024BCB4 /* Build configuration list for PBXNativeTarget "Newspaper-Rack" */;
			buildPhases = (
				413E76D5244B22330024BCB4 /* Sources */,
				413E76D6244B22330024BCB4 /* Frameworks */,
				413E76D7244B22330024BCB4 /* Resources */,
			);
			buildRules = (
			);
			dependencies = (
			);
			name = "Newspaper-Rack";
			productName = "Newspaper-Rack";
			productReference = 413E76D9244B22330024BCB4 /* Newspaper-Rack.app */;
			productType = "com.apple.product-type.application";
		};
/* End PBXNativeTarget section */

/* Begin PBXProject section */
		413E76D1244B22330024BCB4 /* Project object */ = {
			isa = PBXProject;
			attributes = {
				LastSwiftUpdateCheck = 1140;
				LastUpgradeCheck = 1140;
				ORGANIZATIONNAME = akif.cakar;
				TargetAttributes = {
					413E76D8244B22330024BCB4 = {
						CreatedOnToolsVersion = 11.4.1;
					};
				};
			};
			buildConfigurationList = 413E76D4244B22330024BCB4 /* Build configuration list for PBXProject "Newspaper-Rack" */;
			compatibilityVersion = "Xcode 9.3";
			developmentRegion = en;
			hasScannedForEncodings = 0;
			knownRegions = (
				en,
				Base,
			);
			mainGroup = 413E76D0244B22330024BCB4;
			productRefGroup = 413E76DA244B22330024BCB4 /* Products */;
			projectDirPath = "";
			projectRoot = "";
			targets = (
				413E76D8244B22330024BCB4 /* Newspaper-Rack */,
			);
		};
/* End PBXProject section */

/* Begin PBXResourcesBuildPhase section */
		413E76D7244B22330024BCB4 /* Resources */ = {
			isa = PBXResourcesBuildPhase;
			buildActionMask = 2147483647;
			files = (
				413E76EC244B22350024BCB4 /* LaunchScreen.storyboard in Resources */,
				413E76E9244B22350024BCB4 /* Assets.xcassets in Resources */,
				413E76E4244B22330024BCB4 /* Main.storyboard in Resources */,
			);
			runOnlyForDeploymentPostprocessing = 0;
		};
/* End PBXResourcesBuildPhase section */

/* Begin PBXSourcesBuildPhase section */
		413E76D5244B22330024BCB4 /* Sources */ = {
			isa = PBXSourcesBuildPhase;
			buildActionMask = 2147483647;
			files = (
				413E76E7244B22330024BCB4 /* Newspaper_Rack.xcdatamodeld in Sources */,
				413E76E1244B22330024BCB4 /* ViewController.swift in Sources */,
				413E76DD244B22330024BCB4 /* AppDelegate.swift in Sources */,
				413E76DF244B22330024BCB4 /* SceneDelegate.swift in Sources */,
			);
			runOnlyForDeploymentPostprocessing = 0;
		};
/* End PBXSourcesBuildPhase section */

/* Begin PBXVariantGroup section */
		413E76E2244B22330024BCB4 /* Main.storyboard */ = {
			isa = PBXVariantGroup;
			children = (
				413E76E3244B22330024BCB4 /* Base */,
			);
			name = Main.storyboard;
			sourceTree = "<group>";
		};
		413E76EA244B22350024BCB4 /* LaunchScreen.storyboard */ = {
			isa = PBXVariantGroup;
			children = (
				413E76EB244B22350024BCB4 /* Base */,
			);
			name = LaunchScreen.storyboard;
			sourceTree = "<group>";
		};
/* End PBXVariantGroup section */

/* Begin XCBuildConfiguration section */
		413E76EE244B22350024BCB4 /* Debug */ = {
			isa = XCBuildConfiguration;
			buildSettings = {
				ALWAYS_SEARCH_USER_PATHS = NO;
				CLANG_ANALYZER_NONNULL = YES;
				CLANG_ANALYZER_NUMBER_OBJECT_CONVERSION = YES_AGGRESSIVE;
				CLANG_CXX_LANGUAGE_STANDARD = "gnu++14";
				CLANG_CXX_LIBRARY = "libc++";
				CLANG_ENABLE_MODULES = YES;
				CLANG_ENABLE_OBJC_ARC = YES;
				CLANG_ENABLE_OBJC_WEAK = YES;
				CLANG_WARN_BLOCK_CAPTURE_AUTORELEASING = YES;
				CLANG_WARN_BOOL_CONVERSION = YES;
				CLANG_WARN_COMMA = YES;
				CLANG_WARN_CONSTANT_CONVERSION = YES;
				CLANG_WARN_DEPRECATED_OBJC_IMPLEMENTATIONS = YES;
				CLANG_WARN_DIRECT_OBJC_ISA_USAGE = YES_ERROR;
				CLANG_WARN_DOCUMENTATION_COMMENTS = YES;
				CLANG_WARN_EMPTY_BODY = YES;
				CLANG_WARN_ENUM_CONVERSION = YES;
				CLANG_WARN_INFINITE_RECURSION = YES;
				CLANG_WARN_INT_CONVERSION = YES;
				CLANG_WARN_NON_LITERAL_NULL_CONVERSION = YES;
				CLANG_WARN_OBJC_IMPLICIT_RETAIN_SELF = YES;
				CLANG_WARN_OBJC_LITERAL_CONVERSION = YES;
				CLANG_WARN_OBJC_ROOT_CLASS = YES_ERROR;
				CLANG_WARN_RANGE_LOOP_ANALYSIS = YES;
				CLANG_WARN_STRICT_PROTOTYPES = YES;
				CLANG_WARN_SUSPICIOUS_MOVE = YES;
				CLANG_WARN_UNGUARDED_AVAILABILITY = YES_AGGRESSIVE;
				CLANG_WARN_UNREACHABLE_CODE = YES;
				CLANG_WARN__DUPLICATE_METHOD_MATCH = YES;
				COPY_PHASE_STRIP = NO;
				DEBUG_INFORMATION_FORMAT = dwarf;
				ENABLE_STRICT_OBJC_MSGSEND = YES;
				ENABLE_TESTABILITY = YES;
				GCC_C_LANGUAGE_STANDARD = gnu11;
				GCC_DYNAMIC_NO_PIC = NO;
				GCC_NO_COMMON_BLOCKS = YES;
				GCC_OPTIMIZATION_LEVEL = 0;
				GCC_PREPROCESSOR_DEFINITIONS = (
					"DEBUG=1",
					"$(inherited)",
				);
				GCC_WARN_64_TO_32_BIT_CONVERSION = YES;
				GCC_WARN_ABOUT_RETURN_TYPE = YES_ERROR;
				GCC_WARN_UNDECLARED_SELECTOR = YES;
				GCC_WARN_UNINITIALIZED_AUTOS = YES_AGGRESSIVE;
				GCC_WARN_UNUSED_FUNCTION = YES;
				GCC_WARN_UNUSED_VARIABLE = YES;
				IPHONEOS_DEPLOYMENT_TARGET = 13.4;
				MTL_ENABLE_DEBUG_INFO = INCLUDE_SOURCE;
				MTL_FAST_MATH = YES;
				ONLY_ACTIVE_ARCH = YES;
				SDKROOT = iphoneos;
				SWIFT_ACTIVE_COMPILATION_CONDITIONS = DEBUG;
				SWIFT_OPTIMIZATION_LEVEL = "-Onone";
			};
			name = Debug;
		};
		413E76EF244B22350024BCB4 /* Release */ = {
			isa = XCBuildConfiguration;
			buildSettings = {
				ALWAYS_SEARCH_USER_PATHS = NO;
				CLANG_ANALYZER_NONNULL = YES;
				CLANG_ANALYZER_NUMBER_OBJECT_CONVERSION = YES_AGGRESSIVE;
				CLANG_CXX_LANGUAGE_STANDARD = "gnu++14";
				CLANG_CXX_LIBRARY = "libc++";
				CLANG_ENABLE_MODULES = YES;
				CLANG_ENABLE_OBJC_ARC = YES;
				CLANG_ENABLE_OBJC_WEAK = YES;
				CLANG_WARN_BLOCK_CAPTURE_AUTORELEASING = YES;
				CLANG_WARN_BOOL_CONVERSION = YES;
				CLANG_WARN_COMMA = YES;
				CLANG_WARN_CONSTANT_CONVERSION = YES;
				CLANG_WARN_DEPRECATED_OBJC_IMPLEMENTATIONS = YES;
				CLANG_WARN_DIRECT_OBJC_ISA_USAGE = YES_ERROR;
				CLANG_WARN_DOCUMENTATION_COMMENTS = YES;
				CLANG_WARN_EMPTY_BODY = YES;
				CLANG_WARN_ENUM_CONVERSION = YES;
				CLANG_WARN_INFINITE_RECURSION = YES;
				CLANG_WARN_INT_CONVERSION = YES;
				CLANG_WARN_NON_LITERAL_NULL_CONVERSION = YES;
				CLANG_WARN_OBJC_IMPLICIT_RETAIN_SELF = YES;
				CLANG_WARN_OBJC_LITERAL_CONVERSION = YES;
				CLANG_WARN_OBJC_ROOT_CLASS = YES_ERROR;
				CLANG_WARN_RANGE_LOOP_ANALYSIS = YES;
				CLANG_WARN_STRICT_PROTOTYPES = YES;
				CLANG_WARN_SUSPICIOUS_MOVE = YES;
				CLANG_WARN_UNGUARDED_AVAILABILITY = YES_AGGRESSIVE;
				CLANG_WARN_UNREACHABLE_CODE = YES;
				CLANG_WARN__DUPLICATE_METHOD_MATCH = YES;
				COPY_PHASE_STRIP = NO;
				DEBUG_INFORMATION_FORMAT = "dwarf-with-dsym";
				ENABLE_NS_ASSERTIONS = NO;
				ENABLE_STRICT_OBJC_MSGSEND = YES;
				GCC_C_LANGUAGE_STANDARD = gnu11;
				GCC_NO_COMMON_BLOCKS = YES;
				GCC_WARN_64_TO_32_BIT_CONVERSION = YES;
				GCC_WARN_ABOUT_RETURN_TYPE = YES_ERROR;
				GCC_WARN_UNDECLARED_SELECTOR = YES;
				GCC_WARN_UNINITIALIZED_AUTOS = YES_AGGRESSIVE;
				GCC_WARN_UNUSED_FUNCTION = YES;
				GCC_WARN_UNUSED_VARIABLE = YES;
				IPHONEOS_DEPLOYMENT_TARGET = 13.4;
				MTL_ENABLE_DEBUG_INFO = NO;
				MTL_FAST_MATH = YES;
				SDKROOT = iphoneos;
				SWIFT_COMPILATION_MODE = wholemodule;
				SWIFT_OPTIMIZATION_LEVEL = "-O";
				VALIDATE_PRODUCT = YES;
			};
			name = Release;
		};
		413E76F1244B22350024BCB4 /* Debug */ = {
			isa = XCBuildConfiguration;
			buildSettings = {
				ASSETCATALOG_COMPILER_APPICON_NAME = AppIcon;
				CODE_SIGN_STYLE = Automatic;
				INFOPLIST_FILE = "Newspaper-Rack/Info.plist";
				LD_RUNPATH_SEARCH_PATHS = (
					"$(inherited)",
					"@executable_path/Frameworks",
				);
				PRODUCT_BUNDLE_IDENTIFIER = "akif.cakar.Newspaper-Rack";
				PRODUCT_NAME = "$(TARGET_NAME)";
				SWIFT_VERSION = 5.0;
				TARGETED_DEVICE_FAMILY = "1,2";
			};
			name = Debug;
		};
		413E76F2244B22350024BCB4 /* Release */ = {
			isa = XCBuildConfiguration;
			buildSettings = {
				ASSETCATALOG_COMPILER_APPICON_NAME = AppIcon;
				CODE_SIGN_STYLE = Automatic;
				INFOPLIST_FILE = "Newspaper-Rack/Info.plist";
				LD_RUNPATH_SEARCH_PATHS = (
					"$(inherited)",
					"@executable_path/Frameworks",
				);
				PRODUCT_BUNDLE_IDENTIFIER = "akif.cakar.Newspaper-Rack";
				PRODUCT_NAME = "$(TARGET_NAME)";
				SWIFT_VERSION = 5.0;
				TARGETED_DEVICE_FAMILY = "1,2";
			};
			name = Release;
		};
/* End XCBuildConfiguration section */

/* Begin XCConfigurationList section */
		413E76D4244B22330024BCB4 /* Build configuration list for PBXProject "Newspaper-Rack" */ = {
			isa = XCConfigurationList;
			buildConfigurations = (
				413E76EE244B22350024BCB4 /* Debug */,
				413E76EF244B22350024BCB4 /* Release */,
			);
			defaultConfigurationIsVisible = 0;
			defaultConfigurationName = Release;
		};
		413E76F0244B22350024BCB4 /* Build configuration list for PBXNativeTarget "Newspaper-Rack" */ = {
			isa = XCConfigurationList;
			buildConfigurations = (
				413E76F1244B22350024BCB4 /* Debug */,
				413E76F2244B22350024BCB4 /* Release */,
			);
			defaultConfigurationIsVisible = 0;
			defaultConfigurationName = Release;
		};
/* End XCConfigurationList section */

/* Begin XCVersionGroup section */
		413E76E5244B22330024BCB4 /* Newspaper_Rack.xcdatamodeld */ = {
			isa = XCVersionGroup;
			children = (
				413E76E6244B22330024BCB4 /* Newspaper_Rack.xcdatamodel */,
			);
			currentVersion = 413E76E6244B22330024BCB4 /* Newspaper_Rack.xcdatamodel */;
			path = Newspaper_Rack.xcdatamodeld;
			sourceTree = "<group>";
			versionGroupType = wrapper.xcdatamodel;
		};
/* End XCVersionGroup section */
	};
	rootObject = 413E76D1244B22330024BCB4 /* Project object */;
}
